
Microsoft Visual Studio Solution File, Format Version 12.00
# Visual Studio Version 16
VisualStudioVersion = 16.0.30406.217
MinimumVisualStudioVersion = 10.0.40219.1
Project("{8BC9CEB8-8B4A-11D0-8D11-00A0C91BC942}") = "baseball", "baseball\baseball.vcxproj", "{82AF1536-F0AA-4335-9ADD-257035C17923}"
EndProject
Project("{8BC9CEB8-8B4A-11D0-8D11-00A0C91BC942}") = "baseball_test", "baseball_test\baseball_test.vcxproj", "{06A6EC8E-2CE5-49A5-8F52-FCE59D03E2A1}"
EndProject
Project("{2150E333-8FDC-42A3-9474-1A3956D46DE8}") = "Solution Items", "Solution Items", "{D325696A-7295-44E5-85C3-CBEE924F4B0D}"
	ProjectSection(SolutionItems) = preProject
		.gitignore = .gitignore
	EndProjectSection
EndProject
Global
	GlobalSection(SolutionConfigurationPlatforms) = preSolution
		Debug|x64 = Debug|x64
		Debug|x86 = Debug|x86
		Release|x64 = Release|x64
		Release|x86 = Release|x86
	EndGlobalSection
	GlobalSection(ProjectConfigurationPlatforms) = postSolution
		{82AF1536-F0AA-4335-9ADD-257035C17923}.Debug|x64.ActiveCfg = Debug|x64
		{82AF1536-F0AA-4335-9ADD-257035C17923}.Debug|x64.Build.0 = Debug|x64
		{82AF1536-F0AA-4335-9ADD-257035C17923}.Debug|x86.ActiveCfg = Debug|Win32
		{82AF1536-F0AA-4335-9ADD-257035C17923}.Debug|x86.Build.0 = Debug|Win32
		{82AF1536-F0AA-4335-9ADD-257035C17923}.Release|x64.ActiveCfg = Release|x64
		{82AF1536-F0AA-4335-9ADD-257035C17923}.Release|x64.Build.0 = Release|x64
		{82AF1536-F0AA-4335-9ADD-257035C17923}.Release|x86.ActiveCfg = Release|Win32
		{82AF1536-F0AA-4335-9ADD-257035C17923}.Release|x86.Build.0 = Release|Win32
		{06A6EC8E-2CE5-49A5-8F52-FCE59D03E2A1}.Debug|x64.ActiveCfg = Debug|x64
		{06A6EC8E-2CE5-49A5-8F52-FCE59D03E2A1}.Debug|x64.Build.0 = Debug|x64
		{06A6EC8E-2CE5-49A5-8F52-FCE59D03E2A1}.Debug|x86.ActiveCfg = Debug|Win32
		{06A6EC8E-2CE5-49A5-8F52-FCE59D03E2A1}.Debug|x86.Build.0 = Debug|Win32
		{06A6EC8E-2CE5-49A5-8F52-FCE59D03E2A1}.Release|x64.ActiveCfg = Release|x64
		{06A6EC8E-2CE5-49A5-8F52-FCE59D03E2A1}.Release|x64.Build.0 = Release|x64
		{06A6EC8E-2CE5-49A5-8F52-FCE59D03E2A1}.Release|x86.ActiveCfg = Release|Win32
		{06A6EC8E-2CE5-49A5-8F52-FCE59D03E2A1}.Release|x86.Build.0 = Release|Win32
	EndGlobalSection
	GlobalSection(SolutionProperties) = preSolution
		HideSolutionNode = FALSE
	EndGlobalSection
	GlobalSection(ExtensibilityGlobals) = postSolution
		SolutionGuid = {EE324DBF-DD35-4648-AB4D-5E4438526896}
	EndGlobalSection
EndGlobal
